
Microsoft Visual Studio Solution File, Format Version 12.00
# Visual Studio Version 17
VisualStudioVersion = 17.11.35327.3
MinimumVisualStudioVersion = 10.0.40219.1
Project("{FAE04EC0-301F-11D3-BF4B-00C04F79EFBC}") = "Tarea Programacion", "Tarea Programacion\Tarea Programacion.csproj", "{8D367140-11FE-44EB-BC90-22EC32E8E182}"
EndProject
Global
	GlobalSection(SolutionConfigurationPlatforms) = preSolution
		Debug|Any CPU = Debug|Any CPU
		Release|Any CPU = Release|Any CPU
	EndGlobalSection
	GlobalSection(ProjectConfigurationPlatforms) = postSolution
		{8D367140-11FE-44EB-BC90-22EC32E8E182}.Debug|Any CPU.ActiveCfg = Debug|Any CPU
		{8D367140-11FE-44EB-BC90-22EC32E8E182}.Debug|Any CPU.Build.0 = Debug|Any CPU
		{8D367140-11FE-44EB-BC90-22EC32E8E182}.Release|Any CPU.ActiveCfg = Release|Any CPU
		{8D367140-11FE-44EB-BC90-22EC32E8E182}.Release|Any CPU.Build.0 = Release|Any CPU
	EndGlobalSection
	GlobalSection(SolutionProperties) = preSolution
		HideSolutionNode = FALSE
	EndGlobalSection
	GlobalSection(ExtensibilityGlobals) = postSolution
		SolutionGuid = {A8690F84-1F4C-4C9A-978B-442CCD12313F}
	EndGlobalSection
EndGlobal
